
Microsoft Visual Studio Solution File, Format Version 12.00
# Visual Studio Version 16
VisualStudioVersion = 16.0.31515.178
MinimumVisualStudioVersion = 10.0.40219.1
Project("{FAE04EC0-301F-11D3-BF4B-00C04F79EFBC}") = "ExerciseFiles", "ExerciseFiles.csproj", "{AC44E2D3-DC7B-4B3F-B8CD-EBE97DA85B0E}"
EndProject
Global
	GlobalSection(SolutionConfigurationPlatforms) = preSolution
		Debug|Any CPU = Debug|Any CPU
		Release|Any CPU = Release|Any CPU
	EndGlobalSection
	GlobalSection(ProjectConfigurationPlatforms) = postSolution
		{AC44E2D3-DC7B-4B3F-B8CD-EBE97DA85B0E}.Debug|Any CPU.ActiveCfg = Debug|Any CPU
		{AC44E2D3-DC7B-4B3F-B8CD-EBE97DA85B0E}.Debug|Any CPU.Build.0 = Debug|Any CPU
		{AC44E2D3-DC7B-4B3F-B8CD-EBE97DA85B0E}.Release|Any CPU.ActiveCfg = Release|Any CPU
		{AC44E2D3-DC7B-4B3F-B8CD-EBE97DA85B0E}.Release|Any CPU.Build.0 = Release|Any CPU
	EndGlobalSection
	GlobalSection(SolutionProperties) = preSolution
		HideSolutionNode = FALSE
	EndGlobalSection
	GlobalSection(ExtensibilityGlobals) = postSolution
		SolutionGuid = {D057E5E7-418E-4C5D-9948-C5FF768B2F55}
	EndGlobalSection
EndGlobal
